
Microsoft Visual Studio Solution File, Format Version 12.00
# Visual Studio Version 16
VisualStudioVersion = 16.0.29230.47
MinimumVisualStudioVersion = 10.0.40219.1
Project("{9A19103F-16F7-4668-BE54-9A1E7A4F7556}") = "ThreadsSample1", "ThreadsSample1\ThreadsSample1.csproj", "{38DA043A-14E0-47CB-BE7A-DC00650E59CD}"
EndProject
Project("{9A19103F-16F7-4668-BE54-9A1E7A4F7556}") = "BackgroundThread", "BackgroundThread\BackgroundThread.csproj", "{44BA7801-CCDF-49BF-87D7-3E801EE54BB5}"
EndProject
Project("{9A19103F-16F7-4668-BE54-9A1E7A4F7556}") = "ParameterizedThreads", "ParameterizedThreads\ParameterizedThreads.csproj", "{986EF0A0-DDAF-4DB8-8F9B-8C2E328C1E6B}"
EndProject
Project("{9A19103F-16F7-4668-BE54-9A1E7A4F7556}") = "StoppingAThread", "StoppingAThread\StoppingAThread.csproj", "{E9DF7131-CA09-4693-9887-2FE2EB52F021}"
EndProject
Project("{9A19103F-16F7-4668-BE54-9A1E7A4F7556}") = "ThreadStaticAttribute", "ThreadStaticAttribute\ThreadStaticAttribute.csproj", "{1A760662-FF9B-4F58-A4CB-D57465919D79}"
EndProject
Project("{9A19103F-16F7-4668-BE54-9A1E7A4F7556}") = "ThreadLocalGeneric", "ThreadLocalGeneric\ThreadLocalGeneric.csproj", "{579A900E-BFCF-4FAB-811E-0F651471C5A0}"
EndProject
Project("{2150E333-8FDC-42A3-9474-1A3956D46DE8}") = "Threads", "Threads", "{79000A42-2CAC-42D7-BB85-F347793DBA5C}"
EndProject
Project("{FAE04EC0-301F-11D3-BF4B-00C04F79EFBC}") = "ThreadPool", "ThreadPool\ThreadPool.csproj", "{5554B7D2-5432-4251-9897-6597D4EAF755}"
EndProject
Project("{2150E333-8FDC-42A3-9474-1A3956D46DE8}") = "Tasks", "Tasks", "{334B9373-B0BD-4F38-A415-F54747F887AE}"
EndProject
Project("{FAE04EC0-301F-11D3-BF4B-00C04F79EFBC}") = "StartingATask", "StartingATask\StartingATask.csproj", "{0301DB8B-B48F-45FB-B68E-EA1DE5D3FF03}"
EndProject
Project("{FAE04EC0-301F-11D3-BF4B-00C04F79EFBC}") = "TaskReturnValue", "TaskReturnValue\TaskReturnValue.csproj", "{325455F0-BCCD-4288-8DB9-D680F32BD917}"
EndProject
Project("{FAE04EC0-301F-11D3-BF4B-00C04F79EFBC}") = "ContinuationTask", "ContinuationTask\ContinuationTask.csproj", "{BE90ABB3-ACC4-419B-9DEA-560213029D36}"
EndProject
Project("{FAE04EC0-301F-11D3-BF4B-00C04F79EFBC}") = "ChildTasks", "ChildTasks\ChildTasks.csproj", "{352D7417-D948-4B68-9BF1-C20B5364D93F}"
EndProject
Global
	GlobalSection(SolutionConfigurationPlatforms) = preSolution
		Debug|Any CPU = Debug|Any CPU
		Release|Any CPU = Release|Any CPU
	EndGlobalSection
	GlobalSection(ProjectConfigurationPlatforms) = postSolution
		{38DA043A-14E0-47CB-BE7A-DC00650E59CD}.Debug|Any CPU.ActiveCfg = Debug|Any CPU
		{38DA043A-14E0-47CB-BE7A-DC00650E59CD}.Debug|Any CPU.Build.0 = Debug|Any CPU
		{38DA043A-14E0-47CB-BE7A-DC00650E59CD}.Release|Any CPU.ActiveCfg = Release|Any CPU
		{38DA043A-14E0-47CB-BE7A-DC00650E59CD}.Release|Any CPU.Build.0 = Release|Any CPU
		{44BA7801-CCDF-49BF-87D7-3E801EE54BB5}.Debug|Any CPU.ActiveCfg = Debug|Any CPU
		{44BA7801-CCDF-49BF-87D7-3E801EE54BB5}.Debug|Any CPU.Build.0 = Debug|Any CPU
		{44BA7801-CCDF-49BF-87D7-3E801EE54BB5}.Release|Any CPU.ActiveCfg = Release|Any CPU
		{44BA7801-CCDF-49BF-87D7-3E801EE54BB5}.Release|Any CPU.Build.0 = Release|Any CPU
		{986EF0A0-DDAF-4DB8-8F9B-8C2E328C1E6B}.Debug|Any CPU.ActiveCfg = Debug|Any CPU
		{986EF0A0-DDAF-4DB8-8F9B-8C2E328C1E6B}.Debug|Any CPU.Build.0 = Debug|Any CPU
		{986EF0A0-DDAF-4DB8-8F9B-8C2E328C1E6B}.Release|Any CPU.ActiveCfg = Release|Any CPU
		{986EF0A0-DDAF-4DB8-8F9B-8C2E328C1E6B}.Release|Any CPU.Build.0 = Release|Any CPU
		{E9DF7131-CA09-4693-9887-2FE2EB52F021}.Debug|Any CPU.ActiveCfg = Debug|Any CPU
		{E9DF7131-CA09-4693-9887-2FE2EB52F021}.Debug|Any CPU.Build.0 = Debug|Any CPU
		{E9DF7131-CA09-4693-9887-2FE2EB52F021}.Release|Any CPU.ActiveCfg = Release|Any CPU
		{E9DF7131-CA09-4693-9887-2FE2EB52F021}.Release|Any CPU.Build.0 = Release|Any CPU
		{1A760662-FF9B-4F58-A4CB-D57465919D79}.Debug|Any CPU.ActiveCfg = Debug|Any CPU
		{1A760662-FF9B-4F58-A4CB-D57465919D79}.Debug|Any CPU.Build.0 = Debug|Any CPU
		{1A760662-FF9B-4F58-A4CB-D57465919D79}.Release|Any CPU.ActiveCfg = Release|Any CPU
		{1A760662-FF9B-4F58-A4CB-D57465919D79}.Release|Any CPU.Build.0 = Release|Any CPU
		{579A900E-BFCF-4FAB-811E-0F651471C5A0}.Debug|Any CPU.ActiveCfg = Debug|Any CPU
		{579A900E-BFCF-4FAB-811E-0F651471C5A0}.Debug|Any CPU.Build.0 = Debug|Any CPU
		{579A900E-BFCF-4FAB-811E-0F651471C5A0}.Release|Any CPU.ActiveCfg = Release|Any CPU
		{579A900E-BFCF-4FAB-811E-0F651471C5A0}.Release|Any CPU.Build.0 = Release|Any CPU
		{5554B7D2-5432-4251-9897-6597D4EAF755}.Debug|Any CPU.ActiveCfg = Debug|Any CPU
		{5554B7D2-5432-4251-9897-6597D4EAF755}.Debug|Any CPU.Build.0 = Debug|Any CPU
		{5554B7D2-5432-4251-9897-6597D4EAF755}.Release|Any CPU.ActiveCfg = Release|Any CPU
		{5554B7D2-5432-4251-9897-6597D4EAF755}.Release|Any CPU.Build.0 = Release|Any CPU
		{0301DB8B-B48F-45FB-B68E-EA1DE5D3FF03}.Debug|Any CPU.ActiveCfg = Debug|Any CPU
		{0301DB8B-B48F-45FB-B68E-EA1DE5D3FF03}.Debug|Any CPU.Build.0 = Debug|Any CPU
		{0301DB8B-B48F-45FB-B68E-EA1DE5D3FF03}.Release|Any CPU.ActiveCfg = Release|Any CPU
		{0301DB8B-B48F-45FB-B68E-EA1DE5D3FF03}.Release|Any CPU.Build.0 = Release|Any CPU
		{325455F0-BCCD-4288-8DB9-D680F32BD917}.Debug|Any CPU.ActiveCfg = Debug|Any CPU
		{325455F0-BCCD-4288-8DB9-D680F32BD917}.Debug|Any CPU.Build.0 = Debug|Any CPU
		{325455F0-BCCD-4288-8DB9-D680F32BD917}.Release|Any CPU.ActiveCfg = Release|Any CPU
		{325455F0-BCCD-4288-8DB9-D680F32BD917}.Release|Any CPU.Build.0 = Release|Any CPU
		{BE90ABB3-ACC4-419B-9DEA-560213029D36}.Debug|Any CPU.ActiveCfg = Debug|Any CPU
		{BE90ABB3-ACC4-419B-9DEA-560213029D36}.Debug|Any CPU.Build.0 = Debug|Any CPU
		{BE90ABB3-ACC4-419B-9DEA-560213029D36}.Release|Any CPU.ActiveCfg = Release|Any CPU
		{BE90ABB3-ACC4-419B-9DEA-560213029D36}.Release|Any CPU.Build.0 = Release|Any CPU
		{352D7417-D948-4B68-9BF1-C20B5364D93F}.Debug|Any CPU.ActiveCfg = Debug|Any CPU
		{352D7417-D948-4B68-9BF1-C20B5364D93F}.Debug|Any CPU.Build.0 = Debug|Any CPU
		{352D7417-D948-4B68-9BF1-C20B5364D93F}.Release|Any CPU.ActiveCfg = Release|Any CPU
		{352D7417-D948-4B68-9BF1-C20B5364D93F}.Release|Any CPU.Build.0 = Release|Any CPU
	EndGlobalSection
	GlobalSection(SolutionProperties) = preSolution
		HideSolutionNode = FALSE
	EndGlobalSection
	GlobalSection(NestedProjects) = preSolution
		{38DA043A-14E0-47CB-BE7A-DC00650E59CD} = {79000A42-2CAC-42D7-BB85-F347793DBA5C}
		{44BA7801-CCDF-49BF-87D7-3E801EE54BB5} = {79000A42-2CAC-42D7-BB85-F347793DBA5C}
		{986EF0A0-DDAF-4DB8-8F9B-8C2E328C1E6B} = {79000A42-2CAC-42D7-BB85-F347793DBA5C}
		{E9DF7131-CA09-4693-9887-2FE2EB52F021} = {79000A42-2CAC-42D7-BB85-F347793DBA5C}
		{1A760662-FF9B-4F58-A4CB-D57465919D79} = {79000A42-2CAC-42D7-BB85-F347793DBA5C}
		{579A900E-BFCF-4FAB-811E-0F651471C5A0} = {79000A42-2CAC-42D7-BB85-F347793DBA5C}
		{5554B7D2-5432-4251-9897-6597D4EAF755} = {79000A42-2CAC-42D7-BB85-F347793DBA5C}
		{0301DB8B-B48F-45FB-B68E-EA1DE5D3FF03} = {334B9373-B0BD-4F38-A415-F54747F887AE}
		{325455F0-BCCD-4288-8DB9-D680F32BD917} = {334B9373-B0BD-4F38-A415-F54747F887AE}
		{BE90ABB3-ACC4-419B-9DEA-560213029D36} = {334B9373-B0BD-4F38-A415-F54747F887AE}
		{352D7417-D948-4B68-9BF1-C20B5364D93F} = {334B9373-B0BD-4F38-A415-F54747F887AE}
	EndGlobalSection
	GlobalSection(ExtensibilityGlobals) = postSolution
		SolutionGuid = {19B6CBDB-1582-472F-856A-B2C398A354ED}
	EndGlobalSection
EndGlobal
